// !$*UTF8*$!
{
	archiveVersion = 1;
	classes = {
	};
	objectVersion = 50;
	objects = {

/* Begin PBXBuildFile section */
		9946C1E52361C406006BA1E2 /* AppDelegate.swift in Sources */ = {isa = PBXBuildFile; fileRef = 9946C1E42361C406006BA1E2 /* AppDelegate.swift */; };
		9946C1E72361C406006BA1E2 /* SceneDelegate.swift in Sources */ = {isa = PBXBuildFile; fileRef = 9946C1E62361C406006BA1E2 /* SceneDelegate.swift */; };
		9946C1E92361C406006BA1E2 /* ViewController.swift in Sources */ = {isa = PBXBuildFile; fileRef = 9946C1E82361C406006BA1E2 /* ViewController.swift */; };
		9946C1EC2361C406006BA1E2 /* Main.storyboard in Resources */ = {isa = PBXBuildFile; fileRef = 9946C1EA2361C406006BA1E2 /* Main.storyboard */; };
		9946C1EE2361C411006BA1E2 /* Assets.xcassets in Resources */ = {isa = PBXBuildFile; fileRef = 9946C1ED2361C411006BA1E2 /* Assets.xcassets */; };
		9946C1F12361C411006BA1E2 /* LaunchScreen.storyboard in Resources */ = {isa = PBXBuildFile; fileRef = 9946C1EF2361C411006BA1E2 /* LaunchScreen.storyboard */; };
/* End PBXBuildFile section */

/* Begin PBXFileReference section */
		9946C1E12361C406006BA1E2 /* ChallengeDay32.app */ = {isa = PBXFileReference; explicitFileType = wrapper.application; includeInIndex = 0; path = ChallengeDay32.app; sourceTree = BUILT_PRODUCTS_DIR; };
		9946C1E42361C406006BA1E2 /* AppDelegate.swift */ = {isa = PBXFileReference; lastKnownFileType = sourcecode.swift; path = AppDelegate.swift; sourceTree = "<group>"; };
		9946C1E62361C406006BA1E2 /* SceneDelegate.swift */ = {isa = PBXFileReference; lastKnownFileType = sourcecode.swift; path = SceneDelegate.swift; sourceTree = "<group>"; };
		9946C1E82361C406006BA1E2 /* ViewController.swift */ = {isa = PBXFileReference; lastKnownFileType = sourcecode.swift; path = ViewController.swift; sourceTree = "<group>"; };
		9946C1EB2361C406006BA1E2 /* Base */ = {isa = PBXFileReference; lastKnownFileType = file.storyboard; name = Base; path = Base.lproj/Main.storyboard; sourceTree = "<group>"; };
		9946C1ED2361C411006BA1E2 /* Assets.xcassets */ = {isa = PBXFileReference; lastKnownFileType = folder.assetcatalog; path = Assets.xcassets; sourceTree = "<group>"; };
		9946C1F02361C411006BA1E2 /* Base */ = {isa = PBXFileReference; lastKnownFileType = file.storyboard; name = Base; path = Base.lproj/LaunchScreen.storyboard; sourceTree = "<group>"; };
		9946C1F22361C411006BA1E2 /* Info.plist */ = {isa = PBXFileReference; lastKnownFileType = text.plist.xml; path = Info.plist; sourceTree = "<group>"; };
/* End PBXFileReference section */

/* Begin PBXFrameworksBuildPhase section */
		9946C1DE2361C406006BA1E2 /* Frameworks */ = {
			isa = PBXFrameworksBuildPhase;
			buildActionMask = 2147483647;
			files = (
			);
			runOnlyForDeploymentPostprocessing = 0;
		};
/* End PBXFrameworksBuildPhase section */

/* Begin PBXGroup section */
		9946C1D82361C406006BA1E2 = {
			isa = PBXGroup;
			children = (
				9946C1E32361C406006BA1E2 /* ChallengeDay32 */,
				9946C1E22361C406006BA1E2 /* Products */,
			);
			sourceTree = "<group>";
		};
		9946C1E22361C406006BA1E2 /* Products */ = {
			isa = PBXGroup;
			children = (
				9946C1E12361C406006BA1E2 /* ChallengeDay32.app */,
			);
			name = Products;
			sourceTree = "<group>";
		};
		9946C1E32361C406006BA1E2 /* ChallengeDay32 */ = {
			isa = PBXGroup;
			children = (
				9946C1E42361C406006BA1E2 /* AppDelegate.swift */,
				9946C1E62361C406006BA1E2 /* SceneDelegate.swift */,
				9946C1E82361C406006BA1E2 /* ViewController.swift */,
				9946C1EA2361C406006BA1E2 /* Main.storyboard */,
				9946C1ED2361C411006BA1E2 /* Assets.xcassets */,
				9946C1EF2361C411006BA1E2 /* LaunchScreen.storyboard */,
				9946C1F22361C411006BA1E2 /* Info.plist */,
			);
			path = ChallengeDay32;
			sourceTree = "<group>";
		};
/* End PBXGroup section */

/* Begin PBXNativeTarget section */
		9946C1E02361C406006BA1E2 /* ChallengeDay32 */ = {
			isa = PBXNativeTarget;
			buildConfigurationList = 9946C1F52361C411006BA1E2 /* Build configuration list for PBXNativeTarget "ChallengeDay32" */;
			buildPhases = (
				9946C1DD2361C406006BA1E2 /* Sources */,
				9946C1DE2361C406006BA1E2 /* Frameworks */,
				9946C1DF2361C406006BA1E2 /* Resources */,
			);
			buildRules = (
			);
			dependencies = (
			);
			name = ChallengeDay32;
			productName = ChallengeDay32;
			productReference = 9946C1E12361C406006BA1E2 /* ChallengeDay32.app */;
			productType = "com.apple.product-type.application";
		};
/* End PBXNativeTarget section */

/* Begin PBXProject section */
		9946C1D92361C406006BA1E2 /* Project object */ = {
			isa = PBXProject;
			attributes = {
				LastSwiftUpdateCheck = 1110;
				LastUpgradeCheck = 1110;
				ORGANIZATIONNAME = "Ale Mohamad";
				TargetAttributes = {
					9946C1E02361C406006BA1E2 = {
						CreatedOnToolsVersion = 11.1;
					};
				};
			};
			buildConfigurationList = 9946C1DC2361C406006BA1E2 /* Build configuration list for PBXProject "ChallengeDay32" */;
			compatibilityVersion = "Xcode 9.3";
			developmentRegion = en;
			hasScannedForEncodings = 0;
			knownRegions = (
				en,
				Base,
			);
			mainGroup = 9946C1D82361C406006BA1E2;
			productRefGroup = 9946C1E22361C406006BA1E2 /* Products */;
			projectDirPath = "";
			projectRoot = "";
			targets = (
				9946C1E02361C406006BA1E2 /* ChallengeDay32 */,
			);
		};
/* End PBXProject section */

/* Begin PBXResourcesBuildPhase section */
		9946C1DF2361C406006BA1E2 /* Resources */ = {
			isa = PBXResourcesBuildPhase;
			buildActionMask = 2147483647;
			files = (
				9946C1F12361C411006BA1E2 /* LaunchScreen.storyboard in Resources */,
				9946C1EE2361C411006BA1E2 /* Assets.xcassets in Resources */,
				9946C1EC2361C406006BA1E2 /* Main.storyboard in Resources */,
			);
			runOnlyForDeploymentPostprocessing = 0;
		};
/* End PBXResourcesBuildPhase section */

/* Begin PBXSourcesBuildPhase section */
		9946C1DD2361C406006BA1E2 /* Sources */ = {
			isa = PBXSourcesBuildPhase;
			buildActionMask = 2147483647;
			files = (
				9946C1E92361C406006BA1E2 /* ViewController.swift in Sources */,
				9946C1E52361C406006BA1E2 /* AppDelegate.swift in Sources */,
				9946C1E72361C406006BA1E2 /* SceneDelegate.swift in Sources */,
			);
			runOnlyForDeploymentPostprocessing = 0;
		};
/* End PBXSourcesBuildPhase section */

/* Begin PBXVariantGroup section */
		9946C1EA2361C406006BA1E2 /* Main.storyboard */ = {
			isa = PBXVariantGroup;
			children = (
				9946C1EB2361C406006BA1E2 /* Base */,
			);
			name = Main.storyboard;
			sourceTree = "<group>";
		};
		9946C1EF2361C411006BA1E2 /* LaunchScreen.storyboard */ = {
			isa = PBXVariantGroup;
			children = (
				9946C1F02361C411006BA1E2 /* Base */,
			);
			name = LaunchScreen.storyboard;
			sourceTree = "<group>";
		};
/* End PBXVariantGroup section */

/* Begin XCBuildConfiguration section */
		9946C1F32361C411006BA1E2 /* Debug */ = {
			isa = XCBuildConfiguration;
			buildSettings = {
				ALWAYS_SEARCH_USER_PATHS = NO;
				CLANG_ANALYZER_NONNULL = YES;
				CLANG_ANALYZER_NUMBER_OBJECT_CONVERSION = YES_AGGRESSIVE;
				CLANG_CXX_LANGUAGE_STANDARD = "gnu++14";
				CLANG_CXX_LIBRARY = "libc++";
				CLANG_ENABLE_MODULES = YES;
				CLANG_ENABLE_OBJC_ARC = YES;
				CLANG_ENABLE_OBJC_WEAK = YES;
				CLANG_WARN_BLOCK_CAPTURE_AUTORELEASING = YES;
				CLANG_WARN_BOOL_CONVERSION = YES;
				CLANG_WARN_COMMA = YES;
				CLANG_WARN_CONSTANT_CONVERSION = YES;
				CLANG_WARN_DEPRECATED_OBJC_IMPLEMENTATIONS = YES;
				CLANG_WARN_DIRECT_OBJC_ISA_USAGE = YES_ERROR;
				CLANG_WARN_DOCUMENTATION_COMMENTS = YES;
				CLANG_WARN_EMPTY_BODY = YES;
				CLANG_WARN_ENUM_CONVERSION = YES;
				CLANG_WARN_INFINITE_RECURSION = YES;
				CLANG_WARN_INT_CONVERSION = YES;
				CLANG_WARN_NON_LITERAL_NULL_CONVERSION = YES;
				CLANG_WARN_OBJC_IMPLICIT_RETAIN_SELF = YES;
				CLANG_WARN_OBJC_LITERAL_CONVERSION = YES;
				CLANG_WARN_OBJC_ROOT_CLASS = YES_ERROR;
				CLANG_WARN_RANGE_LOOP_ANALYSIS = YES;
				CLANG_WARN_STRICT_PROTOTYPES = YES;
				CLANG_WARN_SUSPICIOUS_MOVE = YES;
				CLANG_WARN_UNGUARDED_AVAILABILITY = YES_AGGRESSIVE;
				CLANG_WARN_UNREACHABLE_CODE = YES;
				CLANG_WARN__DUPLICATE_METHOD_MATCH = YES;
				COPY_PHASE_STRIP = NO;
				DEBUG_INFORMATION_FORMAT = dwarf;
				ENABLE_STRICT_OBJC_MSGSEND = YES;
				ENABLE_TESTABILITY = YES;
				GCC_C_LANGUAGE_STANDARD = gnu11;
				GCC_DYNAMIC_NO_PIC = NO;
				GCC_NO_COMMON_BLOCKS = YES;
				GCC_OPTIMIZATION_LEVEL = 0;
				GCC_PREPROCESSOR_DEFINITIONS = (
					"DEBUG=1",
					"$(inherited)",
				);
				GCC_WARN_64_TO_32_BIT_CONVERSION = YES;
				GCC_WARN_ABOUT_RETURN_TYPE = YES_ERROR;
				GCC_WARN_UNDECLARED_SELECTOR = YES;
				GCC_WARN_UNINITIALIZED_AUTOS = YES_AGGRESSIVE;
				GCC_WARN_UNUSED_FUNCTION = YES;
				GCC_WARN_UNUSED_VARIABLE = YES;
				IPHONEOS_DEPLOYMENT_TARGET = 13.1;
				MTL_ENABLE_DEBUG_INFO = INCLUDE_SOURCE;
				MTL_FAST_MATH = YES;
				ONLY_ACTIVE_ARCH = YES;
				SDKROOT = iphoneos;
				SWIFT_ACTIVE_COMPILATION_CONDITIONS = DEBUG;
				SWIFT_OPTIMIZATION_LEVEL = "-Onone";
			};
			name = Debug;
		};
		9946C1F42361C411006BA1E2 /* Release */ = {
			isa = XCBuildConfiguration;
			buildSettings = {
				ALWAYS_SEARCH_USER_PATHS = NO;
				CLANG_ANALYZER_NONNULL = YES;
				CLANG_ANALYZER_NUMBER_OBJECT_CONVERSION = YES_AGGRESSIVE;
				CLANG_CXX_LANGUAGE_STANDARD = "gnu++14";
				CLANG_CXX_LIBRARY = "libc++";
				CLANG_ENABLE_MODULES = YES;
				CLANG_ENABLE_OBJC_ARC = YES;
				CLANG_ENABLE_OBJC_WEAK = YES;
				CLANG_WARN_BLOCK_CAPTURE_AUTORELEASING = YES;
				CLANG_WARN_BOOL_CONVERSION = YES;
				CLANG_WARN_COMMA = YES;
				CLANG_WARN_CONSTANT_CONVERSION = YES;
				CLANG_WARN_DEPRECATED_OBJC_IMPLEMENTATIONS = YES;
				CLANG_WARN_DIRECT_OBJC_ISA_USAGE = YES_ERROR;
				CLANG_WARN_DOCUMENTATION_COMMENTS = YES;
				CLANG_WARN_EMPTY_BODY = YES;
				CLANG_WARN_ENUM_CONVERSION = YES;
				CLANG_WARN_INFINITE_RECURSION = YES;
				CLANG_WARN_INT_CONVERSION = YES;
				CLANG_WARN_NON_LITERAL_NULL_CONVERSION = YES;
				CLANG_WARN_OBJC_IMPLICIT_RETAIN_SELF = YES;
				CLANG_WARN_OBJC_LITERAL_CONVERSION = YES;
				CLANG_WARN_OBJC_ROOT_CLASS = YES_ERROR;
				CLANG_WARN_RANGE_LOOP_ANALYSIS = YES;
				CLANG_WARN_STRICT_PROTOTYPES = YES;
				CLANG_WARN_SUSPICIOUS_MOVE = YES;
				CLANG_WARN_UNGUARDED_AVAILABILITY = YES_AGGRESSIVE;
				CLANG_WARN_UNREACHABLE_CODE = YES;
				CLANG_WARN__DUPLICATE_METHOD_MATCH = YES;
				COPY_PHASE_STRIP = NO;
				DEBUG_INFORMATION_FORMAT = "dwarf-with-dsym";
				ENABLE_NS_ASSERTIONS = NO;
				ENABLE_STRICT_OBJC_MSGSEND = YES;
				GCC_C_LANGUAGE_STANDARD = gnu11;
				GCC_NO_COMMON_BLOCKS = YES;
				GCC_WARN_64_TO_32_BIT_CONVERSION = YES;
				GCC_WARN_ABOUT_RETURN_TYPE = YES_ERROR;
				GCC_WARN_UNDECLARED_SELECTOR = YES;
				GCC_WARN_UNINITIALIZED_AUTOS = YES_AGGRESSIVE;
				GCC_WARN_UNUSED_FUNCTION = YES;
				GCC_WARN_UNUSED_VARIABLE = YES;
				IPHONEOS_DEPLOYMENT_TARGET = 13.1;
				MTL_ENABLE_DEBUG_INFO = NO;
				MTL_FAST_MATH = YES;
				SDKROOT = iphoneos;
				SWIFT_COMPILATION_MODE = wholemodule;
				SWIFT_OPTIMIZATION_LEVEL = "-O";
				VALIDATE_PRODUCT = YES;
			};
			name = Release;
		};
		9946C1F62361C411006BA1E2 /* Debug */ = {
			isa = XCBuildConfiguration;
			buildSettings = {
				ASSETCATALOG_COMPILER_APPICON_NAME = AppIcon;
				CODE_SIGN_STYLE = Automatic;
				DEVELOPMENT_TEAM = WCNR2RY47A;
				INFOPLIST_FILE = ChallengeDay32/Info.plist;
				LD_RUNPATH_SEARCH_PATHS = (
					"$(inherited)",
					"@executable_path/Frameworks",
				);
				PRODUCT_BUNDLE_IDENTIFIER = com.alemohamad.ChallengeDay32;
				PRODUCT_NAME = "$(TARGET_NAME)";
				SWIFT_VERSION = 5.0;
				TARGETED_DEVICE_FAMILY = "1,2";
			};
			name = Debug;
		};
		9946C1F72361C411006BA1E2 /* Release */ = {
			isa = XCBuildConfiguration;
			buildSettings = {
				ASSETCATALOG_COMPILER_APPICON_NAME = AppIcon;
				CODE_SIGN_STYLE = Automatic;
				DEVELOPMENT_TEAM = WCNR2RY47A;
				INFOPLIST_FILE = ChallengeDay32/Info.plist;
				LD_RUNPATH_SEARCH_PATHS = (
					"$(inherited)",
					"@executable_path/Frameworks",
				);
				PRODUCT_BUNDLE_IDENTIFIER = com.alemohamad.ChallengeDay32;
				PRODUCT_NAME = "$(TARGET_NAME)";
				SWIFT_VERSION = 5.0;
				TARGETED_DEVICE_FAMILY = "1,2";
			};
			name = Release;
		};
/* End XCBuildConfiguration section */

/* Begin XCConfigurationList section */
		9946C1DC2361C406006BA1E2 /* Build configuration list for PBXProject "ChallengeDay32" */ = {
			isa = XCConfigurationList;
			buildConfigurations = (
				9946C1F32361C411006BA1E2 /* Debug */,
				9946C1F42361C411006BA1E2 /* Release */,
			);
			defaultConfigurationIsVisible = 0;
			defaultConfigurationName = Release;
		};
		9946C1F52361C411006BA1E2 /* Build configuration list for PBXNativeTarget "ChallengeDay32" */ = {
			isa = XCConfigurationList;
			buildConfigurations = (
				9946C1F62361C411006BA1E2 /* Debug */,
				9946C1F72361C411006BA1E2 /* Release */,
			);
			defaultConfigurationIsVisible = 0;
			defaultConfigurationName = Release;
		};
/* End XCConfigurationList section */
	};
	rootObject = 9946C1D92361C406006BA1E2 /* Project object */;
}
